github.com/antlr4-go/antlr/v4 v4.13.1 h1:SqQKkuVZ+zWkMMNkjy5FZe5mr5WURWnlpmOuzYWrPrQ=
github.com/antlr4-go/antlr/v4 v4.13.1/go.mod h1:GKmUxMtwp6ZgGwZSva4eWPC5mS6vUAmOABFgjdkM7Nw=
github.com/bluekeyes/go-gitdiff v0.8.1 h1:lL1GofKMywO17c0lgQmJYcKek5+s8X6tXVNOLxy4smI=
github.com/bluekeyes/go-gitdiff v0.8.1/go.mod h1:WWAk1Mc6EgWarCrPFO+xeYlujPu98VuLW3Tu+B/85AE=
golang.org/x/exp v0.0.0-20240506185415-9bf2ced13842 h1:vr/HnozRka3pE4EsMEg1lgkXJkTFJCVUX+S/ZT6wYzM=
golang.org/x/exp v0.0.0-20240506185415-9bf2ced13842/go.mod h1:XtvwrStGgqGPLc4cjQfWqZHG1YFdYs6swckp8vpsjnc=
rsc.io/tmp v0.0.0-20241218224807-804b48372feb h1:WzKuxkjhh594zgTyn8IesOficLvOAFLjqApszmPX+Pk=
rsc.io/tmp v0.0.0-20241218224807-804b48372feb/go.mod h1:mWnvrV8XhRKwFOMNTRh58Rg5PMmfdYEy3hLnfzcE2co=
